
Microsoft Visual Studio Solution File, Format Version 12.00
# Visual Studio Version 17
VisualStudioVersion = 17.9.34407.89
MinimumVisualStudioVersion = 10.0.40219.1
Project("{FAE04EC0-301F-11D3-BF4B-00C04F79EFBC}") = "BSBaseMapper", "BSBaseMapper\BSBaseMapper.csproj", "{7C4C655E-25D5-4077-81B5-61C3E7C12CD4}"
EndProject
Project("{9A19103F-16F7-4668-BE54-9A1E7A4F7556}") = "BSLib", "BSLib\BSLib.csproj", "{0964792D-FB30-4A0D-A61D-5F77AB2F1A11}"
EndProject
Global
	GlobalSection(SolutionConfigurationPlatforms) = preSolution
		Debug|Any CPU = Debug|Any CPU
		Release|Any CPU = Release|Any CPU
	EndGlobalSection
	GlobalSection(ProjectConfigurationPlatforms) = postSolution
		{7C4C655E-25D5-4077-81B5-61C3E7C12CD4}.Debug|Any CPU.ActiveCfg = Debug|Any CPU
		{7C4C655E-25D5-4077-81B5-61C3E7C12CD4}.Debug|Any CPU.Build.0 = Debug|Any CPU
		{7C4C655E-25D5-4077-81B5-61C3E7C12CD4}.Release|Any CPU.ActiveCfg = Release|Any CPU
		{7C4C655E-25D5-4077-81B5-61C3E7C12CD4}.Release|Any CPU.Build.0 = Release|Any CPU
		{0964792D-FB30-4A0D-A61D-5F77AB2F1A11}.Debug|Any CPU.ActiveCfg = Debug|Any CPU
		{0964792D-FB30-4A0D-A61D-5F77AB2F1A11}.Debug|Any CPU.Build.0 = Debug|Any CPU
		{0964792D-FB30-4A0D-A61D-5F77AB2F1A11}.Release|Any CPU.ActiveCfg = Release|Any CPU
		{0964792D-FB30-4A0D-A61D-5F77AB2F1A11}.Release|Any CPU.Build.0 = Release|Any CPU
	EndGlobalSection
	GlobalSection(SolutionProperties) = preSolution
		HideSolutionNode = FALSE
	EndGlobalSection
	GlobalSection(ExtensibilityGlobals) = postSolution
		SolutionGuid = {F93D6091-8BD1-4CC8-80BB-0D27E5FB82CF}
	EndGlobalSection
EndGlobal
